// !$*UTF8*$!
{
	archiveVersion = 1;
	classes = {
	};
	objectVersion = 50;
	objects = {

/* Begin PBXBuildFile section */
		E31BEDAF225B3FFF005D1AEA /* AppDelegate.swift in Sources */ = {isa = PBXBuildFile; fileRef = E31BEDAE225B3FFF005D1AEA /* AppDelegate.swift */; };
		E31BEDB1225B3FFF005D1AEA /* ViewController.swift in Sources */ = {isa = PBXBuildFile; fileRef = E31BEDB0225B3FFF005D1AEA /* ViewController.swift */; };
		E31BEDB4225B3FFF005D1AEA /* Main.storyboard in Resources */ = {isa = PBXBuildFile; fileRef = E31BEDB2225B3FFF005D1AEA /* Main.storyboard */; };
		E31BEDB6225B4000005D1AEA /* Assets.xcassets in Resources */ = {isa = PBXBuildFile; fileRef = E31BEDB5225B4000005D1AEA /* Assets.xcassets */; };
		E31BEDB9225B4000005D1AEA /* LaunchScreen.storyboard in Resources */ = {isa = PBXBuildFile; fileRef = E31BEDB7225B4000005D1AEA /* LaunchScreen.storyboard */; };
/* End PBXBuildFile section */

/* Begin PBXFileReference section */
		E31BEDAB225B3FFF005D1AEA /* BrainTrainerSwift.app */ = {isa = PBXFileReference; explicitFileType = wrapper.application; includeInIndex = 0; path = BrainTrainerSwift.app; sourceTree = BUILT_PRODUCTS_DIR; };
		E31BEDAE225B3FFF005D1AEA /* AppDelegate.swift */ = {isa = PBXFileReference; lastKnownFileType = sourcecode.swift; path = AppDelegate.swift; sourceTree = "<group>"; };
		E31BEDB0225B3FFF005D1AEA /* ViewController.swift */ = {isa = PBXFileReference; lastKnownFileType = sourcecode.swift; path = ViewController.swift; sourceTree = "<group>"; };
		E31BEDB3225B3FFF005D1AEA /* Base */ = {isa = PBXFileReference; lastKnownFileType = file.storyboard; name = Base; path = Base.lproj/Main.storyboard; sourceTree = "<group>"; };
		E31BEDB5225B4000005D1AEA /* Assets.xcassets */ = {isa = PBXFileReference; lastKnownFileType = folder.assetcatalog; path = Assets.xcassets; sourceTree = "<group>"; };
		E31BEDB8225B4000005D1AEA /* Base */ = {isa = PBXFileReference; lastKnownFileType = file.storyboard; name = Base; path = Base.lproj/LaunchScreen.storyboard; sourceTree = "<group>"; };
		E31BEDBA225B4000005D1AEA /* Info.plist */ = {isa = PBXFileReference; lastKnownFileType = text.plist.xml; path = Info.plist; sourceTree = "<group>"; };
/* End PBXFileReference section */

/* Begin PBXFrameworksBuildPhase section */
		E31BEDA8225B3FFF005D1AEA /* Frameworks */ = {
			isa = PBXFrameworksBuildPhase;
			buildActionMask = 2147483647;
			files = (
			);
			runOnlyForDeploymentPostprocessing = 0;
		};
/* End PBXFrameworksBuildPhase section */

/* Begin PBXGroup section */
		E31BEDA2225B3FFF005D1AEA = {
			isa = PBXGroup;
			children = (
				E31BEDAD225B3FFF005D1AEA /* BrainTrainerSwift */,
				E31BEDAC225B3FFF005D1AEA /* Products */,
			);
			sourceTree = "<group>";
		};
		E31BEDAC225B3FFF005D1AEA /* Products */ = {
			isa = PBXGroup;
			children = (
				E31BEDAB225B3FFF005D1AEA /* BrainTrainerSwift.app */,
			);
			name = Products;
			sourceTree = "<group>";
		};
		E31BEDAD225B3FFF005D1AEA /* BrainTrainerSwift */ = {
			isa = PBXGroup;
			children = (
				E31BEDC3225B5B8F005D1AEA /* View */,
				E31BEDC1225B5B7F005D1AEA /* Model */,
				E31BEDC0225B5B77005D1AEA /* Controller */,
				E31BEDAE225B3FFF005D1AEA /* AppDelegate.swift */,
				E31BEDB0225B3FFF005D1AEA /* ViewController.swift */,
				E31BEDB2225B3FFF005D1AEA /* Main.storyboard */,
				E31BEDB5225B4000005D1AEA /* Assets.xcassets */,
				E31BEDB7225B4000005D1AEA /* LaunchScreen.storyboard */,
				E31BEDBA225B4000005D1AEA /* Info.plist */,
			);
			path = BrainTrainerSwift;
			sourceTree = "<group>";
		};
		E31BEDC0225B5B77005D1AEA /* Controller */ = {
			isa = PBXGroup;
			children = (
			);
			path = Controller;
			sourceTree = "<group>";
		};
		E31BEDC1225B5B7F005D1AEA /* Model */ = {
			isa = PBXGroup;
			children = (
			);
			path = Model;
			sourceTree = "<group>";
		};
		E31BEDC3225B5B8F005D1AEA /* View */ = {
			isa = PBXGroup;
			children = (
			);
			path = View;
			sourceTree = "<group>";
		};
/* End PBXGroup section */

/* Begin PBXNativeTarget section */
		E31BEDAA225B3FFF005D1AEA /* BrainTrainerSwift */ = {
			isa = PBXNativeTarget;
			buildConfigurationList = E31BEDBD225B4000005D1AEA /* Build configuration list for PBXNativeTarget "BrainTrainerSwift" */;
			buildPhases = (
				E31BEDA7225B3FFF005D1AEA /* Sources */,
				E31BEDA8225B3FFF005D1AEA /* Frameworks */,
				E31BEDA9225B3FFF005D1AEA /* Resources */,
			);
			buildRules = (
			);
			dependencies = (
			);
			name = BrainTrainerSwift;
			productName = BrainTrainerSwift;
			productReference = E31BEDAB225B3FFF005D1AEA /* BrainTrainerSwift.app */;
			productType = "com.apple.product-type.application";
		};
/* End PBXNativeTarget section */

/* Begin PBXProject section */
		E31BEDA3225B3FFF005D1AEA /* Project object */ = {
			isa = PBXProject;
			attributes = {
				LastSwiftUpdateCheck = 1020;
				LastUpgradeCheck = 1020;
				ORGANIZATIONNAME = "David Støvlbæk";
				TargetAttributes = {
					E31BEDAA225B3FFF005D1AEA = {
						CreatedOnToolsVersion = 10.2;
					};
				};
			};
			buildConfigurationList = E31BEDA6225B3FFF005D1AEA /* Build configuration list for PBXProject "BrainTrainerSwift" */;
			compatibilityVersion = "Xcode 9.3";
			developmentRegion = en;
			hasScannedForEncodings = 0;
			knownRegions = (
				en,
				Base,
			);
			mainGroup = E31BEDA2225B3FFF005D1AEA;
			productRefGroup = E31BEDAC225B3FFF005D1AEA /* Products */;
			projectDirPath = "";
			projectRoot = "";
			targets = (
				E31BEDAA225B3FFF005D1AEA /* BrainTrainerSwift */,
			);
		};
/* End PBXProject section */

/* Begin PBXResourcesBuildPhase section */
		E31BEDA9225B3FFF005D1AEA /* Resources */ = {
			isa = PBXResourcesBuildPhase;
			buildActionMask = 2147483647;
			files = (
				E31BEDB9225B4000005D1AEA /* LaunchScreen.storyboard in Resources */,
				E31BEDB6225B4000005D1AEA /* Assets.xcassets in Resources */,
				E31BEDB4225B3FFF005D1AEA /* Main.storyboard in Resources */,
			);
			runOnlyForDeploymentPostprocessing = 0;
		};
/* End PBXResourcesBuildPhase section */

/* Begin PBXSourcesBuildPhase section */
		E31BEDA7225B3FFF005D1AEA /* Sources */ = {
			isa = PBXSourcesBuildPhase;
			buildActionMask = 2147483647;
			files = (
				E31BEDB1225B3FFF005D1AEA /* ViewController.swift in Sources */,
				E31BEDAF225B3FFF005D1AEA /* AppDelegate.swift in Sources */,
			);
			runOnlyForDeploymentPostprocessing = 0;
		};
/* End PBXSourcesBuildPhase section */

/* Begin PBXVariantGroup section */
		E31BEDB2225B3FFF005D1AEA /* Main.storyboard */ = {
			isa = PBXVariantGroup;
			children = (
				E31BEDB3225B3FFF005D1AEA /* Base */,
			);
			name = Main.storyboard;
			sourceTree = "<group>";
		};
		E31BEDB7225B4000005D1AEA /* LaunchScreen.storyboard */ = {
			isa = PBXVariantGroup;
			children = (
				E31BEDB8225B4000005D1AEA /* Base */,
			);
			name = LaunchScreen.storyboard;
			sourceTree = "<group>";
		};
/* End PBXVariantGroup section */

/* Begin XCBuildConfiguration section */
		E31BEDBB225B4000005D1AEA /* Debug */ = {
			isa = XCBuildConfiguration;
			buildSettings = {
				ALWAYS_SEARCH_USER_PATHS = NO;
				CLANG_ANALYZER_NONNULL = YES;
				CLANG_ANALYZER_NUMBER_OBJECT_CONVERSION = YES_AGGRESSIVE;
				CLANG_CXX_LANGUAGE_STANDARD = "gnu++14";
				CLANG_CXX_LIBRARY = "libc++";
				CLANG_ENABLE_MODULES = YES;
				CLANG_ENABLE_OBJC_ARC = YES;
				CLANG_ENABLE_OBJC_WEAK = YES;
				CLANG_WARN_BLOCK_CAPTURE_AUTORELEASING = YES;
				CLANG_WARN_BOOL_CONVERSION = YES;
				CLANG_WARN_COMMA = YES;
				CLANG_WARN_CONSTANT_CONVERSION = YES;
				CLANG_WARN_DEPRECATED_OBJC_IMPLEMENTATIONS = YES;
				CLANG_WARN_DIRECT_OBJC_ISA_USAGE = YES_ERROR;
				CLANG_WARN_DOCUMENTATION_COMMENTS = YES;
				CLANG_WARN_EMPTY_BODY = YES;
				CLANG_WARN_ENUM_CONVERSION = YES;
				CLANG_WARN_INFINITE_RECURSION = YES;
				CLANG_WARN_INT_CONVERSION = YES;
				CLANG_WARN_NON_LITERAL_NULL_CONVERSION = YES;
				CLANG_WARN_OBJC_IMPLICIT_RETAIN_SELF = YES;
				CLANG_WARN_OBJC_LITERAL_CONVERSION = YES;
				CLANG_WARN_OBJC_ROOT_CLASS = YES_ERROR;
				CLANG_WARN_RANGE_LOOP_ANALYSIS = YES;
				CLANG_WARN_STRICT_PROTOTYPES = YES;
				CLANG_WARN_SUSPICIOUS_MOVE = YES;
				CLANG_WARN_UNGUARDED_AVAILABILITY = YES_AGGRESSIVE;
				CLANG_WARN_UNREACHABLE_CODE = YES;
				CLANG_WARN__DUPLICATE_METHOD_MATCH = YES;
				CODE_SIGN_IDENTITY = "iPhone Developer";
				COPY_PHASE_STRIP = NO;
				DEBUG_INFORMATION_FORMAT = dwarf;
				ENABLE_STRICT_OBJC_MSGSEND = YES;
				ENABLE_TESTABILITY = YES;
				GCC_C_LANGUAGE_STANDARD = gnu11;
				GCC_DYNAMIC_NO_PIC = NO;
				GCC_NO_COMMON_BLOCKS = YES;
				GCC_OPTIMIZATION_LEVEL = 0;
				GCC_PREPROCESSOR_DEFINITIONS = (
					"DEBUG=1",
					"$(inherited)",
				);
				GCC_WARN_64_TO_32_BIT_CONVERSION = YES;
				GCC_WARN_ABOUT_RETURN_TYPE = YES_ERROR;
				GCC_WARN_UNDECLARED_SELECTOR = YES;
				GCC_WARN_UNINITIALIZED_AUTOS = YES_AGGRESSIVE;
				GCC_WARN_UNUSED_FUNCTION = YES;
				GCC_WARN_UNUSED_VARIABLE = YES;
				IPHONEOS_DEPLOYMENT_TARGET = 12.2;
				MTL_ENABLE_DEBUG_INFO = INCLUDE_SOURCE;
				MTL_FAST_MATH = YES;
				ONLY_ACTIVE_ARCH = YES;
				SDKROOT = iphoneos;
				SWIFT_ACTIVE_COMPILATION_CONDITIONS = DEBUG;
				SWIFT_OPTIMIZATION_LEVEL = "-Onone";
			};
			name = Debug;
		};
		E31BEDBC225B4000005D1AEA /* Release */ = {
			isa = XCBuildConfiguration;
			buildSettings = {
				ALWAYS_SEARCH_USER_PATHS = NO;
				CLANG_ANALYZER_NONNULL = YES;
				CLANG_ANALYZER_NUMBER_OBJECT_CONVERSION = YES_AGGRESSIVE;
				CLANG_CXX_LANGUAGE_STANDARD = "gnu++14";
				CLANG_CXX_LIBRARY = "libc++";
				CLANG_ENABLE_MODULES = YES;
				CLANG_ENABLE_OBJC_ARC = YES;
				CLANG_ENABLE_OBJC_WEAK = YES;
				CLANG_WARN_BLOCK_CAPTURE_AUTORELEASING = YES;
				CLANG_WARN_BOOL_CONVERSION = YES;
				CLANG_WARN_COMMA = YES;
				CLANG_WARN_CONSTANT_CONVERSION = YES;
				CLANG_WARN_DEPRECATED_OBJC_IMPLEMENTATIONS = YES;
				CLANG_WARN_DIRECT_OBJC_ISA_USAGE = YES_ERROR;
				CLANG_WARN_DOCUMENTATION_COMMENTS = YES;
				CLANG_WARN_EMPTY_BODY = YES;
				CLANG_WARN_ENUM_CONVERSION = YES;
				CLANG_WARN_INFINITE_RECURSION = YES;
				CLANG_WARN_INT_CONVERSION = YES;
				CLANG_WARN_NON_LITERAL_NULL_CONVERSION = YES;
				CLANG_WARN_OBJC_IMPLICIT_RETAIN_SELF = YES;
				CLANG_WARN_OBJC_LITERAL_CONVERSION = YES;
				CLANG_WARN_OBJC_ROOT_CLASS = YES_ERROR;
				CLANG_WARN_RANGE_LOOP_ANALYSIS = YES;
				CLANG_WARN_STRICT_PROTOTYPES = YES;
				CLANG_WARN_SUSPICIOUS_MOVE = YES;
				CLANG_WARN_UNGUARDED_AVAILABILITY = YES_AGGRESSIVE;
				CLANG_WARN_UNREACHABLE_CODE = YES;
				CLANG_WARN__DUPLICATE_METHOD_MATCH = YES;
				CODE_SIGN_IDENTITY = "iPhone Developer";
				COPY_PHASE_STRIP = NO;
				DEBUG_INFORMATION_FORMAT = "dwarf-with-dsym";
				ENABLE_NS_ASSERTIONS = NO;
				ENABLE_STRICT_OBJC_MSGSEND = YES;
				GCC_C_LANGUAGE_STANDARD = gnu11;
				GCC_NO_COMMON_BLOCKS = YES;
				GCC_WARN_64_TO_32_BIT_CONVERSION = YES;
				GCC_WARN_ABOUT_RETURN_TYPE = YES_ERROR;
				GCC_WARN_UNDECLARED_SELECTOR = YES;
				GCC_WARN_UNINITIALIZED_AUTOS = YES_AGGRESSIVE;
				GCC_WARN_UNUSED_FUNCTION = YES;
				GCC_WARN_UNUSED_VARIABLE = YES;
				IPHONEOS_DEPLOYMENT_TARGET = 12.2;
				MTL_ENABLE_DEBUG_INFO = NO;
				MTL_FAST_MATH = YES;
				SDKROOT = iphoneos;
				SWIFT_COMPILATION_MODE = wholemodule;
				SWIFT_OPTIMIZATION_LEVEL = "-O";
				VALIDATE_PRODUCT = YES;
			};
			name = Release;
		};
		E31BEDBE225B4000005D1AEA /* Debug */ = {
			isa = XCBuildConfiguration;
			buildSettings = {
				ASSETCATALOG_COMPILER_APPICON_NAME = AppIcon;
				CODE_SIGN_STYLE = Automatic;
				INFOPLIST_FILE = BrainTrainerSwift/Info.plist;
				LD_RUNPATH_SEARCH_PATHS = (
					"$(inherited)",
					"@executable_path/Frameworks",
				);
				PRODUCT_BUNDLE_IDENTIFIER = com.david.BrainTrainerSwift;
				PRODUCT_NAME = "$(TARGET_NAME)";
				SWIFT_VERSION = 5.0;
				TARGETED_DEVICE_FAMILY = "1,2";
			};
			name = Debug;
		};
		E31BEDBF225B4000005D1AEA /* Release */ = {
			isa = XCBuildConfiguration;
			buildSettings = {
				ASSETCATALOG_COMPILER_APPICON_NAME = AppIcon;
				CODE_SIGN_STYLE = Automatic;
				INFOPLIST_FILE = BrainTrainerSwift/Info.plist;
				LD_RUNPATH_SEARCH_PATHS = (
					"$(inherited)",
					"@executable_path/Frameworks",
				);
				PRODUCT_BUNDLE_IDENTIFIER = com.david.BrainTrainerSwift;
				PRODUCT_NAME = "$(TARGET_NAME)";
				SWIFT_VERSION = 5.0;
				TARGETED_DEVICE_FAMILY = "1,2";
			};
			name = Release;
		};
/* End XCBuildConfiguration section */

/* Begin XCConfigurationList section */
		E31BEDA6225B3FFF005D1AEA /* Build configuration list for PBXProject "BrainTrainerSwift" */ = {
			isa = XCConfigurationList;
			buildConfigurations = (
				E31BEDBB225B4000005D1AEA /* Debug */,
				E31BEDBC225B4000005D1AEA /* Release */,
			);
			defaultConfigurationIsVisible = 0;
			defaultConfigurationName = Release;
		};
		E31BEDBD225B4000005D1AEA /* Build configuration list for PBXNativeTarget "BrainTrainerSwift" */ = {
			isa = XCConfigurationList;
			buildConfigurations = (
				E31BEDBE225B4000005D1AEA /* Debug */,
				E31BEDBF225B4000005D1AEA /* Release */,
			);
			defaultConfigurationIsVisible = 0;
			defaultConfigurationName = Release;
		};
/* End XCConfigurationList section */
	};
	rootObject = E31BEDA3225B3FFF005D1AEA /* Project object */;
}
